
Microsoft Visual Studio Solution File, Format Version 12.00
# Visual Studio Version 16
VisualStudioVersion = 16.0.31105.61
MinimumVisualStudioVersion = 10.0.40219.1
Project("{FAE04EC0-301F-11D3-BF4B-00C04F79EFBC}") = "RedisTestProject", "RedisTestProject\RedisTestProject.csproj", "{D4CF1981-9E30-48D7-ADB7-A541373EEAED}"
EndProject
Global
	GlobalSection(SolutionConfigurationPlatforms) = preSolution
		Debug|Any CPU = Debug|Any CPU
		Release|Any CPU = Release|Any CPU
	EndGlobalSection
	GlobalSection(ProjectConfigurationPlatforms) = postSolution
		{D4CF1981-9E30-48D7-ADB7-A541373EEAED}.Debug|Any CPU.ActiveCfg = Debug|Any CPU
		{D4CF1981-9E30-48D7-ADB7-A541373EEAED}.Debug|Any CPU.Build.0 = Debug|Any CPU
		{D4CF1981-9E30-48D7-ADB7-A541373EEAED}.Release|Any CPU.ActiveCfg = Release|Any CPU
		{D4CF1981-9E30-48D7-ADB7-A541373EEAED}.Release|Any CPU.Build.0 = Release|Any CPU
	EndGlobalSection
	GlobalSection(SolutionProperties) = preSolution
		HideSolutionNode = FALSE
	EndGlobalSection
	GlobalSection(ExtensibilityGlobals) = postSolution
		SolutionGuid = {48AD9425-AA20-43C2-8662-9F5697042E14}
	EndGlobalSection
EndGlobal
